// !$*UTF8*$!
{
	archiveVersion = 1;
	classes = {
	};
	objectVersion = 46;
	objects = {

/* Begin PBXBuildFile section */
		901A8F281AB2FEE300AF6B91 /* background-1136@2x.png in Resources */ = {isa = PBXBuildFile; fileRef = 901A8F241AB2FEE300AF6B91 /* background-1136@2x.png */; };
		901A8F291AB2FEE300AF6B91 /* background-960@2x.png in Resources */ = {isa = PBXBuildFile; fileRef = 901A8F251AB2FEE300AF6B91 /* background-960@2x.png */; };
		901A8F2A1AB2FEE300AF6B91 /* background-1024.png in Resources */ = {isa = PBXBuildFile; fileRef = 901A8F261AB2FEE300AF6B91 /* background-1024.png */; };
		901A8F2B1AB2FEE300AF6B91 /* background-2048@2x.png in Resources */ = {isa = PBXBuildFile; fileRef = 901A8F271AB2FEE300AF6B91 /* background-2048@2x.png */; };
		901A8F2E1AB307BC00AF6B91 /* background-1334@2x.png in Resources */ = {isa = PBXBuildFile; fileRef = 901A8F2C1AB307BC00AF6B91 /* background-1334@2x.png */; };
		901A8F2F1AB307BC00AF6B91 /* background-2208@3x.png in Resources */ = {isa = PBXBuildFile; fileRef = 901A8F2D1AB307BC00AF6B91 /* background-2208@3x.png */; };
		90ABA0BC1AB0AE2B00C71426 /* AppDelegate.swift in Sources */ = {isa = PBXBuildFile; fileRef = 90ABA0BB1AB0AE2B00C71426 /* AppDelegate.swift */; };
		90ABA0BE1AB0AE2B00C71426 /* ViewController.swift in Sources */ = {isa = PBXBuildFile; fileRef = 90ABA0BD1AB0AE2B00C71426 /* ViewController.swift */; };
		90ABA0C11AB0AE2B00C71426 /* Main.storyboard in Resources */ = {isa = PBXBuildFile; fileRef = 90ABA0BF1AB0AE2B00C71426 /* Main.storyboard */; };
		90ABA0C31AB0AE2B00C71426 /* Images.xcassets in Resources */ = {isa = PBXBuildFile; fileRef = 90ABA0C21AB0AE2B00C71426 /* Images.xcassets */; };
		90ABA0C61AB0AE2B00C71426 /* LaunchScreen.xib in Resources */ = {isa = PBXBuildFile; fileRef = 90ABA0C41AB0AE2B00C71426 /* LaunchScreen.xib */; };
		90ABA0D21AB0AE2B00C71426 /* UniversalBspTests.swift in Sources */ = {isa = PBXBuildFile; fileRef = 90ABA0D11AB0AE2B00C71426 /* UniversalBspTests.swift */; };
/* End PBXBuildFile section */

/* Begin PBXContainerItemProxy section */
		90ABA0CC1AB0AE2B00C71426 /* PBXContainerItemProxy */ = {
			isa = PBXContainerItemProxy;
			containerPortal = 90ABA0AE1AB0AE2B00C71426 /* Project object */;
			proxyType = 1;
			remoteGlobalIDString = 90ABA0B51AB0AE2B00C71426;
			remoteInfo = UniversalBsp;
		};
/* End PBXContainerItemProxy section */

/* Begin PBXFileReference section */
		901A8F241AB2FEE300AF6B91 /* background-1136@2x.png */ = {isa = PBXFileReference; lastKnownFileType = image.png; name = "background-1136@2x.png"; path = "Images/background-1136@2x.png"; sourceTree = "<group>"; };
		901A8F251AB2FEE300AF6B91 /* background-960@2x.png */ = {isa = PBXFileReference; lastKnownFileType = image.png; name = "background-960@2x.png"; path = "Images/background-960@2x.png"; sourceTree = "<group>"; };
		901A8F261AB2FEE300AF6B91 /* background-1024.png */ = {isa = PBXFileReference; lastKnownFileType = image.png; name = "background-1024.png"; path = "Images/background-1024.png"; sourceTree = "<group>"; };
		901A8F271AB2FEE300AF6B91 /* background-2048@2x.png */ = {isa = PBXFileReference; lastKnownFileType = image.png; name = "background-2048@2x.png"; path = "Images/background-2048@2x.png"; sourceTree = "<group>"; };
		901A8F2C1AB307BC00AF6B91 /* background-1334@2x.png */ = {isa = PBXFileReference; lastKnownFileType = image.png; name = "background-1334@2x.png"; path = "Images/background-1334@2x.png"; sourceTree = "<group>"; };
		901A8F2D1AB307BC00AF6B91 /* background-2208@3x.png */ = {isa = PBXFileReference; lastKnownFileType = image.png; name = "background-2208@3x.png"; path = "Images/background-2208@3x.png"; sourceTree = "<group>"; };
		90ABA0B61AB0AE2B00C71426 /* UniversalBsp.app */ = {isa = PBXFileReference; explicitFileType = wrapper.application; includeInIndex = 0; path = UniversalBsp.app; sourceTree = BUILT_PRODUCTS_DIR; };
		90ABA0BA1AB0AE2B00C71426 /* Info.plist */ = {isa = PBXFileReference; lastKnownFileType = text.plist.xml; path = Info.plist; sourceTree = "<group>"; };
		90ABA0BB1AB0AE2B00C71426 /* AppDelegate.swift */ = {isa = PBXFileReference; lastKnownFileType = sourcecode.swift; path = AppDelegate.swift; sourceTree = "<group>"; };
		90ABA0BD1AB0AE2B00C71426 /* ViewController.swift */ = {isa = PBXFileReference; lastKnownFileType = sourcecode.swift; path = ViewController.swift; sourceTree = "<group>"; };
		90ABA0C01AB0AE2B00C71426 /* Base */ = {isa = PBXFileReference; lastKnownFileType = file.storyboard; name = Base; path = Base.lproj/Main.storyboard; sourceTree = "<group>"; };
		90ABA0C21AB0AE2B00C71426 /* Images.xcassets */ = {isa = PBXFileReference; lastKnownFileType = folder.assetcatalog; path = Images.xcassets; sourceTree = "<group>"; };
		90ABA0C51AB0AE2B00C71426 /* Base */ = {isa = PBXFileReference; lastKnownFileType = file.xib; name = Base; path = Base.lproj/LaunchScreen.xib; sourceTree = "<group>"; };
		90ABA0CB1AB0AE2B00C71426 /* UniversalBspTests.xctest */ = {isa = PBXFileReference; explicitFileType = wrapper.cfbundle; includeInIndex = 0; path = UniversalBspTests.xctest; sourceTree = BUILT_PRODUCTS_DIR; };
		90ABA0D01AB0AE2B00C71426 /* Info.plist */ = {isa = PBXFileReference; lastKnownFileType = text.plist.xml; path = Info.plist; sourceTree = "<group>"; };
		90ABA0D11AB0AE2B00C71426 /* UniversalBspTests.swift */ = {isa = PBXFileReference; lastKnownFileType = sourcecode.swift; path = UniversalBspTests.swift; sourceTree = "<group>"; };
/* End PBXFileReference section */

/* Begin PBXFrameworksBuildPhase section */
		90ABA0B31AB0AE2B00C71426 /* Frameworks */ = {
			isa = PBXFrameworksBuildPhase;
			buildActionMask = 2147483647;
			files = (
			);
			runOnlyForDeploymentPostprocessing = 0;
		};
		90ABA0C81AB0AE2B00C71426 /* Frameworks */ = {
			isa = PBXFrameworksBuildPhase;
			buildActionMask = 2147483647;
			files = (
			);
			runOnlyForDeploymentPostprocessing = 0;
		};
/* End PBXFrameworksBuildPhase section */

/* Begin PBXGroup section */
		901A8F231AB2FED300AF6B91 /* Images */ = {
			isa = PBXGroup;
			children = (
				901A8F2C1AB307BC00AF6B91 /* background-1334@2x.png */,
				901A8F2D1AB307BC00AF6B91 /* background-2208@3x.png */,
				901A8F241AB2FEE300AF6B91 /* background-1136@2x.png */,
				901A8F251AB2FEE300AF6B91 /* background-960@2x.png */,
				901A8F261AB2FEE300AF6B91 /* background-1024.png */,
				901A8F271AB2FEE300AF6B91 /* background-2048@2x.png */,
			);
			name = Images;
			sourceTree = "<group>";
		};
		90ABA0AD1AB0AE2B00C71426 = {
			isa = PBXGroup;
			children = (
				90ABA0B81AB0AE2B00C71426 /* UniversalBsp */,
				90ABA0CE1AB0AE2B00C71426 /* UniversalBspTests */,
				90ABA0B71AB0AE2B00C71426 /* Products */,
			);
			sourceTree = "<group>";
		};
		90ABA0B71AB0AE2B00C71426 /* Products */ = {
			isa = PBXGroup;
			children = (
				90ABA0B61AB0AE2B00C71426 /* UniversalBsp.app */,
				90ABA0CB1AB0AE2B00C71426 /* UniversalBspTests.xctest */,
			);
			name = Products;
			sourceTree = "<group>";
		};
		90ABA0B81AB0AE2B00C71426 /* UniversalBsp */ = {
			isa = PBXGroup;
			children = (
				901A8F231AB2FED300AF6B91 /* Images */,
				90ABA0BB1AB0AE2B00C71426 /* AppDelegate.swift */,
				90ABA0BD1AB0AE2B00C71426 /* ViewController.swift */,
				90ABA0BF1AB0AE2B00C71426 /* Main.storyboard */,
				90ABA0C21AB0AE2B00C71426 /* Images.xcassets */,
				90ABA0C41AB0AE2B00C71426 /* LaunchScreen.xib */,
				90ABA0B91AB0AE2B00C71426 /* Supporting Files */,
			);
			path = UniversalBsp;
			sourceTree = "<group>";
		};
		90ABA0B91AB0AE2B00C71426 /* Supporting Files */ = {
			isa = PBXGroup;
			children = (
				90ABA0BA1AB0AE2B00C71426 /* Info.plist */,
			);
			name = "Supporting Files";
			sourceTree = "<group>";
		};
		90ABA0CE1AB0AE2B00C71426 /* UniversalBspTests */ = {
			isa = PBXGroup;
			children = (
				90ABA0D11AB0AE2B00C71426 /* UniversalBspTests.swift */,
				90ABA0CF1AB0AE2B00C71426 /* Supporting Files */,
			);
			path = UniversalBspTests;
			sourceTree = "<group>";
		};
		90ABA0CF1AB0AE2B00C71426 /* Supporting Files */ = {
			isa = PBXGroup;
			children = (
				90ABA0D01AB0AE2B00C71426 /* Info.plist */,
			);
			name = "Supporting Files";
			sourceTree = "<group>";
		};
/* End PBXGroup section */

/* Begin PBXNativeTarget section */
		90ABA0B51AB0AE2B00C71426 /* UniversalBsp */ = {
			isa = PBXNativeTarget;
			buildConfigurationList = 90ABA0D51AB0AE2B00C71426 /* Build configuration list for PBXNativeTarget "UniversalBsp" */;
			buildPhases = (
				90ABA0B21AB0AE2B00C71426 /* Sources */,
				90ABA0B31AB0AE2B00C71426 /* Frameworks */,
				90ABA0B41AB0AE2B00C71426 /* Resources */,
			);
			buildRules = (
			);
			dependencies = (
			);
			name = UniversalBsp;
			productName = UniversalBsp;
			productReference = 90ABA0B61AB0AE2B00C71426 /* UniversalBsp.app */;
			productType = "com.apple.product-type.application";
		};
		90ABA0CA1AB0AE2B00C71426 /* UniversalBspTests */ = {
			isa = PBXNativeTarget;
			buildConfigurationList = 90ABA0D81AB0AE2B00C71426 /* Build configuration list for PBXNativeTarget "UniversalBspTests" */;
			buildPhases = (
				90ABA0C71AB0AE2B00C71426 /* Sources */,
				90ABA0C81AB0AE2B00C71426 /* Frameworks */,
				90ABA0C91AB0AE2B00C71426 /* Resources */,
			);
			buildRules = (
			);
			dependencies = (
				90ABA0CD1AB0AE2B00C71426 /* PBXTargetDependency */,
			);
			name = UniversalBspTests;
			productName = UniversalBspTests;
			productReference = 90ABA0CB1AB0AE2B00C71426 /* UniversalBspTests.xctest */;
			productType = "com.apple.product-type.bundle.unit-test";
		};
/* End PBXNativeTarget section */

/* Begin PBXProject section */
		90ABA0AE1AB0AE2B00C71426 /* Project object */ = {
			isa = PBXProject;
			attributes = {
				LastSwiftUpdateCheck = 0700;
				LastUpgradeCheck = 0800;
				ORGANIZATIONNAME = "Christian Bleske";
				TargetAttributes = {
					90ABA0B51AB0AE2B00C71426 = {
						CreatedOnToolsVersion = 6.2;
						DevelopmentTeam = B688N957UZ;
						DevelopmentTeamName = "Christian Bleske";
						LastSwiftMigration = 0800;
					};
					90ABA0CA1AB0AE2B00C71426 = {
						CreatedOnToolsVersion = 6.2;
						LastSwiftMigration = 0800;
						TestTargetID = 90ABA0B51AB0AE2B00C71426;
					};
				};
			};
			buildConfigurationList = 90ABA0B11AB0AE2B00C71426 /* Build configuration list for PBXProject "UniversalBsp" */;
			compatibilityVersion = "Xcode 3.2";
			developmentRegion = English;
			hasScannedForEncodings = 0;
			knownRegions = (
				en,
				Base,
			);
			mainGroup = 90ABA0AD1AB0AE2B00C71426;
			productRefGroup = 90ABA0B71AB0AE2B00C71426 /* Products */;
			projectDirPath = "";
			projectRoot = "";
			targets = (
				90ABA0B51AB0AE2B00C71426 /* UniversalBsp */,
				90ABA0CA1AB0AE2B00C71426 /* UniversalBspTests */,
			);
		};
/* End PBXProject section */

/* Begin PBXResourcesBuildPhase section */
		90ABA0B41AB0AE2B00C71426 /* Resources */ = {
			isa = PBXResourcesBuildPhase;
			buildActionMask = 2147483647;
			files = (
				901A8F2F1AB307BC00AF6B91 /* background-2208@3x.png in Resources */,
				901A8F2E1AB307BC00AF6B91 /* background-1334@2x.png in Resources */,
				90ABA0C11AB0AE2B00C71426 /* Main.storyboard in Resources */,
				90ABA0C61AB0AE2B00C71426 /* LaunchScreen.xib in Resources */,
				901A8F2A1AB2FEE300AF6B91 /* background-1024.png in Resources */,
				901A8F2B1AB2FEE300AF6B91 /* background-2048@2x.png in Resources */,
				901A8F281AB2FEE300AF6B91 /* background-1136@2x.png in Resources */,
				901A8F291AB2FEE300AF6B91 /* background-960@2x.png in Resources */,
				90ABA0C31AB0AE2B00C71426 /* Images.xcassets in Resources */,
			);
			runOnlyForDeploymentPostprocessing = 0;
		};
		90ABA0C91AB0AE2B00C71426 /* Resources */ = {
			isa = PBXResourcesBuildPhase;
			buildActionMask = 2147483647;
			files = (
			);
			runOnlyForDeploymentPostprocessing = 0;
		};
/* End PBXResourcesBuildPhase section */

/* Begin PBXSourcesBuildPhase section */
		90ABA0B21AB0AE2B00C71426 /* Sources */ = {
			isa = PBXSourcesBuildPhase;
			buildActionMask = 2147483647;
			files = (
				90ABA0BE1AB0AE2B00C71426 /* ViewController.swift in Sources */,
				90ABA0BC1AB0AE2B00C71426 /* AppDelegate.swift in Sources */,
			);
			runOnlyForDeploymentPostprocessing = 0;
		};
		90ABA0C71AB0AE2B00C71426 /* Sources */ = {
			isa = PBXSourcesBuildPhase;
			buildActionMask = 2147483647;
			files = (
				90ABA0D21AB0AE2B00C71426 /* UniversalBspTests.swift in Sources */,
			);
			runOnlyForDeploymentPostprocessing = 0;
		};
/* End PBXSourcesBuildPhase section */

/* Begin PBXTargetDependency section */
		90ABA0CD1AB0AE2B00C71426 /* PBXTargetDependency */ = {
			isa = PBXTargetDependency;
			target = 90ABA0B51AB0AE2B00C71426 /* UniversalBsp */;
			targetProxy = 90ABA0CC1AB0AE2B00C71426 /* PBXContainerItemProxy */;
		};
/* End PBXTargetDependency section */

/* Begin PBXVariantGroup section */
		90ABA0BF1AB0AE2B00C71426 /* Main.storyboard */ = {
			isa = PBXVariantGroup;
			children = (
				90ABA0C01AB0AE2B00C71426 /* Base */,
			);
			name = Main.storyboard;
			sourceTree = "<group>";
		};
		90ABA0C41AB0AE2B00C71426 /* LaunchScreen.xib */ = {
			isa = PBXVariantGroup;
			children = (
				90ABA0C51AB0AE2B00C71426 /* Base */,
			);
			name = LaunchScreen.xib;
			sourceTree = "<group>";
		};
/* End PBXVariantGroup section */

/* Begin XCBuildConfiguration section */
		90ABA0D31AB0AE2B00C71426 /* Debug */ = {
			isa = XCBuildConfiguration;
			buildSettings = {
				ALWAYS_SEARCH_USER_PATHS = NO;
				CLANG_CXX_LANGUAGE_STANDARD = "gnu++0x";
				CLANG_CXX_LIBRARY = "libc++";
				CLANG_ENABLE_MODULES = YES;
				CLANG_ENABLE_OBJC_ARC = YES;
				CLANG_WARN_BOOL_CONVERSION = YES;
				CLANG_WARN_CONSTANT_CONVERSION = YES;
				CLANG_WARN_DIRECT_OBJC_ISA_USAGE = YES_ERROR;
				CLANG_WARN_EMPTY_BODY = YES;
				CLANG_WARN_ENUM_CONVERSION = YES;
				CLANG_WARN_INT_CONVERSION = YES;
				CLANG_WARN_OBJC_ROOT_CLASS = YES_ERROR;
				CLANG_WARN_UNREACHABLE_CODE = YES;
				CLANG_WARN__DUPLICATE_METHOD_MATCH = YES;
				"CODE_SIGN_IDENTITY[sdk=iphoneos*]" = "iPhone Developer";
				COPY_PHASE_STRIP = NO;
				ENABLE_STRICT_OBJC_MSGSEND = YES;
				ENABLE_TESTABILITY = YES;
				GCC_C_LANGUAGE_STANDARD = gnu99;
				GCC_DYNAMIC_NO_PIC = NO;
				GCC_NO_COMMON_BLOCKS = YES;
				GCC_OPTIMIZATION_LEVEL = 0;
				GCC_PREPROCESSOR_DEFINITIONS = (
					"DEBUG=1",
					"$(inherited)",
				);
				GCC_SYMBOLS_PRIVATE_EXTERN = NO;
				GCC_WARN_64_TO_32_BIT_CONVERSION = YES;
				GCC_WARN_ABOUT_RETURN_TYPE = YES_ERROR;
				GCC_WARN_UNDECLARED_SELECTOR = YES;
				GCC_WARN_UNINITIALIZED_AUTOS = YES_AGGRESSIVE;
				GCC_WARN_UNUSED_FUNCTION = YES;
				GCC_WARN_UNUSED_VARIABLE = YES;
				IPHONEOS_DEPLOYMENT_TARGET = 9.3;
				MTL_ENABLE_DEBUG_INFO = YES;
				ONLY_ACTIVE_ARCH = YES;
				SDKROOT = iphoneos;
				SWIFT_OPTIMIZATION_LEVEL = "-Onone";
				TARGETED_DEVICE_FAMILY = "1,2";
			};
			name = Debug;
		};
		90ABA0D41AB0AE2B00C71426 /* Release */ = {
			isa = XCBuildConfiguration;
			buildSettings = {
				ALWAYS_SEARCH_USER_PATHS = NO;
				CLANG_CXX_LANGUAGE_STANDARD = "gnu++0x";
				CLANG_CXX_LIBRARY = "libc++";
				CLANG_ENABLE_MODULES = YES;
				CLANG_ENABLE_OBJC_ARC = YES;
				CLANG_WARN_BOOL_CONVERSION = YES;
				CLANG_WARN_CONSTANT_CONVERSION = YES;
				CLANG_WARN_DIRECT_OBJC_ISA_USAGE = YES_ERROR;
				CLANG_WARN_EMPTY_BODY = YES;
				CLANG_WARN_ENUM_CONVERSION = YES;
				CLANG_WARN_INT_CONVERSION = YES;
				CLANG_WARN_OBJC_ROOT_CLASS = YES_ERROR;
				CLANG_WARN_UNREACHABLE_CODE = YES;
				CLANG_WARN__DUPLICATE_METHOD_MATCH = YES;
				"CODE_SIGN_IDENTITY[sdk=iphoneos*]" = "iPhone Developer";
				COPY_PHASE_STRIP = NO;
				ENABLE_NS_ASSERTIONS = NO;
				ENABLE_STRICT_OBJC_MSGSEND = YES;
				GCC_C_LANGUAGE_STANDARD = gnu99;
				GCC_NO_COMMON_BLOCKS = YES;
				GCC_WARN_64_TO_32_BIT_CONVERSION = YES;
				GCC_WARN_ABOUT_RETURN_TYPE = YES_ERROR;
				GCC_WARN_UNDECLARED_SELECTOR = YES;
				GCC_WARN_UNINITIALIZED_AUTOS = YES_AGGRESSIVE;
				GCC_WARN_UNUSED_FUNCTION = YES;
				GCC_WARN_UNUSED_VARIABLE = YES;
				IPHONEOS_DEPLOYMENT_TARGET = 9.3;
				MTL_ENABLE_DEBUG_INFO = NO;
				SDKROOT = iphoneos;
				TARGETED_DEVICE_FAMILY = "1,2";
				VALIDATE_PRODUCT = YES;
			};
			name = Release;
		};
		90ABA0D61AB0AE2B00C71426 /* Debug */ = {
			isa = XCBuildConfiguration;
			buildSettings = {
				ASSETCATALOG_COMPILER_APPICON_NAME = AppIcon;
				INFOPLIST_FILE = UniversalBsp/Info.plist;
				LD_RUNPATH_SEARCH_PATHS = "$(inherited) @executable_path/Frameworks";
				PRODUCT_BUNDLE_IDENTIFIER = "christian.bleske.$(PRODUCT_NAME:rfc1034identifier)";
				PRODUCT_NAME = "$(TARGET_NAME)";
				SWIFT_VERSION = 3.0;
			};
			name = Debug;
		};
		90ABA0D71AB0AE2B00C71426 /* Release */ = {
			isa = XCBuildConfiguration;
			buildSettings = {
				ASSETCATALOG_COMPILER_APPICON_NAME = AppIcon;
				INFOPLIST_FILE = UniversalBsp/Info.plist;
				LD_RUNPATH_SEARCH_PATHS = "$(inherited) @executable_path/Frameworks";
				PRODUCT_BUNDLE_IDENTIFIER = "christian.bleske.$(PRODUCT_NAME:rfc1034identifier)";
				PRODUCT_NAME = "$(TARGET_NAME)";
				SWIFT_OPTIMIZATION_LEVEL = "-Owholemodule";
				SWIFT_VERSION = 3.0;
			};
			name = Release;
		};
		90ABA0D91AB0AE2B00C71426 /* Debug */ = {
			isa = XCBuildConfiguration;
			buildSettings = {
				BUNDLE_LOADER = "$(TEST_HOST)";
				GCC_PREPROCESSOR_DEFINITIONS = (
					"DEBUG=1",
					"$(inherited)",
				);
				INFOPLIST_FILE = UniversalBspTests/Info.plist;
				LD_RUNPATH_SEARCH_PATHS = "$(inherited) @executable_path/Frameworks @loader_path/Frameworks";
				PRODUCT_BUNDLE_IDENTIFIER = "christian.bleske.$(PRODUCT_NAME:rfc1034identifier)";
				PRODUCT_NAME = "$(TARGET_NAME)";
				SWIFT_VERSION = 3.0;
				TEST_HOST = "$(BUILT_PRODUCTS_DIR)/UniversalBsp.app/UniversalBsp";
			};
			name = Debug;
		};
		90ABA0DA1AB0AE2B00C71426 /* Release */ = {
			isa = XCBuildConfiguration;
			buildSettings = {
				BUNDLE_LOADER = "$(TEST_HOST)";
				INFOPLIST_FILE = UniversalBspTests/Info.plist;
				LD_RUNPATH_SEARCH_PATHS = "$(inherited) @executable_path/Frameworks @loader_path/Frameworks";
				PRODUCT_BUNDLE_IDENTIFIER = "christian.bleske.$(PRODUCT_NAME:rfc1034identifier)";
				PRODUCT_NAME = "$(TARGET_NAME)";
				SWIFT_OPTIMIZATION_LEVEL = "-Owholemodule";
				SWIFT_VERSION = 3.0;
				TEST_HOST = "$(BUILT_PRODUCTS_DIR)/UniversalBsp.app/UniversalBsp";
			};
			name = Release;
		};
/* End XCBuildConfiguration section */

/* Begin XCConfigurationList section */
		90ABA0B11AB0AE2B00C71426 /* Build configuration list for PBXProject "UniversalBsp" */ = {
			isa = XCConfigurationList;
			buildConfigurations = (
				90ABA0D31AB0AE2B00C71426 /* Debug */,
				90ABA0D41AB0AE2B00C71426 /* Release */,
			);
			defaultConfigurationIsVisible = 0;
			defaultConfigurationName = Release;
		};
		90ABA0D51AB0AE2B00C71426 /* Build configuration list for PBXNativeTarget "UniversalBsp" */ = {
			isa = XCConfigurationList;
			buildConfigurations = (
				90ABA0D61AB0AE2B00C71426 /* Debug */,
				90ABA0D71AB0AE2B00C71426 /* Release */,
			);
			defaultConfigurationIsVisible = 0;
			defaultConfigurationName = Release;
		};
		90ABA0D81AB0AE2B00C71426 /* Build configuration list for PBXNativeTarget "UniversalBspTests" */ = {
			isa = XCConfigurationList;
			buildConfigurations = (
				90ABA0D91AB0AE2B00C71426 /* Debug */,
				90ABA0DA1AB0AE2B00C71426 /* Release */,
			);
			defaultConfigurationIsVisible = 0;
			defaultConfigurationName = Release;
		};
/* End XCConfigurationList section */
	};
	rootObject = 90ABA0AE1AB0AE2B00C71426 /* Project object */;
}
